
Microsoft Visual Studio Solution File, Format Version 12.00
# Visual Studio 15
VisualStudioVersion = 15.0.27130.2024
MinimumVisualStudioVersion = 10.0.40219.1
Project("{FAE04EC0-301F-11D3-BF4B-00C04F79EFBC}") = "BuzzStats.WebApi", "BuzzStats.WebApi\BuzzStats.WebApi.csproj", "{7B2E2D42-C462-405F-9505-E89F546E96C6}"
EndProject
Project("{FAE04EC0-301F-11D3-BF4B-00C04F79EFBC}") = "BuzzStats.WebApi.UnitTests", "BuzzStats.WebApi.UnitTests\BuzzStats.WebApi.UnitTests.csproj", "{4AB4FD69-6600-4641-A6A4-EB844F1C530D}"
EndProject
Project("{9A19103F-16F7-4668-BE54-9A1E7A4F7556}") = "BuzzStats.ListIngester", "BuzzStats.ListIngester\BuzzStats.ListIngester.csproj", "{C2042414-B5C8-4EAC-B3A9-A6F5337E4D3F}"
EndProject
Project("{2150E333-8FDC-42A3-9474-1A3956D46DE8}") = "Solution Items", "Solution Items", "{89C6EED6-83CB-4B20-89FF-3CB2EC704205}"
	ProjectSection(SolutionItems) = preProject
		..\.travis.yml = ..\.travis.yml
		..\CHANGELOG.md = ..\CHANGELOG.md
		..\coverage.ps1 = ..\coverage.ps1
		..\DatabaseChanges.txt = ..\DatabaseChanges.txt
		..\docker-compose.yml = ..\docker-compose.yml
		..\README.md = ..\README.md
	EndProjectSection
EndProject
Project("{9A19103F-16F7-4668-BE54-9A1E7A4F7556}") = "BuzzStats.ListIngester.UnitTests", "BuzzStats.ListIngester.UnitTests\BuzzStats.ListIngester.UnitTests.csproj", "{528E23EA-E6C9-4720-855D-6130FAE6BB6A}"
EndProject
Project("{E53339B2-1760-4266-BCC7-CA923CBCF16C}") = "docker-compose", "docker-compose.dcproj", "{F813D7CD-4B2D-4A00-A071-661BFA990B2B}"
EndProject
Project("{9A19103F-16F7-4668-BE54-9A1E7A4F7556}") = "BuzzStats.Parsing", "BuzzStats.Parsing\BuzzStats.Parsing.csproj", "{DB5B7F3E-F135-4A27-962C-C0AABCFDD966}"
EndProject
Project("{9A19103F-16F7-4668-BE54-9A1E7A4F7556}") = "BuzzStats.Parsing.UnitTests", "BuzzStats.Parsing.UnitTests\BuzzStats.Parsing.UnitTests.csproj", "{EDCF700C-C3B2-46FC-8A9B-84B1647E8C1B}"
EndProject
Project("{9A19103F-16F7-4668-BE54-9A1E7A4F7556}") = "BuzzStats.ChangeTracker", "BuzzStats.ChangeTracker\BuzzStats.ChangeTracker.csproj", "{D3E03AA0-3C09-4A09-99B9-47BD67B99B09}"
EndProject
Project("{9A19103F-16F7-4668-BE54-9A1E7A4F7556}") = "BuzzStats.ChangeTracker.UnitTests", "BuzzStats.ChangeTracker.UnitTests\BuzzStats.ChangeTracker.UnitTests.csproj", "{F6C4FB72-7FDC-4067-A51A-5DD7A3CF8E96}"
EndProject
Project("{9A19103F-16F7-4668-BE54-9A1E7A4F7556}") = "BuzzStats.StoryIngester", "BuzzStats.StoryIngester\BuzzStats.StoryIngester.csproj", "{46F91403-2D5E-40C5-85FA-FEAFC133DEA2}"
EndProject
Project("{9A19103F-16F7-4668-BE54-9A1E7A4F7556}") = "BuzzStats.StoryIngester.UnitTests", "BuzzStats.StoryIngester.UnitTests\BuzzStats.StoryIngester.UnitTests.csproj", "{B7435FD3-06C4-487D-B693-443B4A7DF3BC}"
EndProject
Global
	GlobalSection(SolutionConfigurationPlatforms) = preSolution
		Debug|Any CPU = Debug|Any CPU
		Release|Any CPU = Release|Any CPU
	EndGlobalSection
	GlobalSection(ProjectConfigurationPlatforms) = postSolution
		{7B2E2D42-C462-405F-9505-E89F546E96C6}.Debug|Any CPU.ActiveCfg = Debug|Any CPU
		{7B2E2D42-C462-405F-9505-E89F546E96C6}.Debug|Any CPU.Build.0 = Debug|Any CPU
		{7B2E2D42-C462-405F-9505-E89F546E96C6}.Release|Any CPU.ActiveCfg = Release|Any CPU
		{7B2E2D42-C462-405F-9505-E89F546E96C6}.Release|Any CPU.Build.0 = Release|Any CPU
		{4AB4FD69-6600-4641-A6A4-EB844F1C530D}.Debug|Any CPU.ActiveCfg = Debug|Any CPU
		{4AB4FD69-6600-4641-A6A4-EB844F1C530D}.Debug|Any CPU.Build.0 = Debug|Any CPU
		{4AB4FD69-6600-4641-A6A4-EB844F1C530D}.Release|Any CPU.ActiveCfg = Release|Any CPU
		{4AB4FD69-6600-4641-A6A4-EB844F1C530D}.Release|Any CPU.Build.0 = Release|Any CPU
		{C2042414-B5C8-4EAC-B3A9-A6F5337E4D3F}.Debug|Any CPU.ActiveCfg = Debug|Any CPU
		{C2042414-B5C8-4EAC-B3A9-A6F5337E4D3F}.Debug|Any CPU.Build.0 = Debug|Any CPU
		{C2042414-B5C8-4EAC-B3A9-A6F5337E4D3F}.Release|Any CPU.ActiveCfg = Release|Any CPU
		{C2042414-B5C8-4EAC-B3A9-A6F5337E4D3F}.Release|Any CPU.Build.0 = Release|Any CPU
		{528E23EA-E6C9-4720-855D-6130FAE6BB6A}.Debug|Any CPU.ActiveCfg = Debug|Any CPU
		{528E23EA-E6C9-4720-855D-6130FAE6BB6A}.Debug|Any CPU.Build.0 = Debug|Any CPU
		{528E23EA-E6C9-4720-855D-6130FAE6BB6A}.Release|Any CPU.ActiveCfg = Release|Any CPU
		{528E23EA-E6C9-4720-855D-6130FAE6BB6A}.Release|Any CPU.Build.0 = Release|Any CPU
		{F813D7CD-4B2D-4A00-A071-661BFA990B2B}.Debug|Any CPU.ActiveCfg = Debug|Any CPU
		{F813D7CD-4B2D-4A00-A071-661BFA990B2B}.Debug|Any CPU.Build.0 = Debug|Any CPU
		{F813D7CD-4B2D-4A00-A071-661BFA990B2B}.Release|Any CPU.ActiveCfg = Release|Any CPU
		{F813D7CD-4B2D-4A00-A071-661BFA990B2B}.Release|Any CPU.Build.0 = Release|Any CPU
		{DB5B7F3E-F135-4A27-962C-C0AABCFDD966}.Debug|Any CPU.ActiveCfg = Debug|Any CPU
		{DB5B7F3E-F135-4A27-962C-C0AABCFDD966}.Debug|Any CPU.Build.0 = Debug|Any CPU
		{DB5B7F3E-F135-4A27-962C-C0AABCFDD966}.Release|Any CPU.ActiveCfg = Release|Any CPU
		{DB5B7F3E-F135-4A27-962C-C0AABCFDD966}.Release|Any CPU.Build.0 = Release|Any CPU
		{EDCF700C-C3B2-46FC-8A9B-84B1647E8C1B}.Debug|Any CPU.ActiveCfg = Debug|Any CPU
		{EDCF700C-C3B2-46FC-8A9B-84B1647E8C1B}.Debug|Any CPU.Build.0 = Debug|Any CPU
		{EDCF700C-C3B2-46FC-8A9B-84B1647E8C1B}.Release|Any CPU.ActiveCfg = Release|Any CPU
		{EDCF700C-C3B2-46FC-8A9B-84B1647E8C1B}.Release|Any CPU.Build.0 = Release|Any CPU
		{D3E03AA0-3C09-4A09-99B9-47BD67B99B09}.Debug|Any CPU.ActiveCfg = Debug|Any CPU
		{D3E03AA0-3C09-4A09-99B9-47BD67B99B09}.Debug|Any CPU.Build.0 = Debug|Any CPU
		{D3E03AA0-3C09-4A09-99B9-47BD67B99B09}.Release|Any CPU.ActiveCfg = Release|Any CPU
		{D3E03AA0-3C09-4A09-99B9-47BD67B99B09}.Release|Any CPU.Build.0 = Release|Any CPU
		{F6C4FB72-7FDC-4067-A51A-5DD7A3CF8E96}.Debug|Any CPU.ActiveCfg = Debug|Any CPU
		{F6C4FB72-7FDC-4067-A51A-5DD7A3CF8E96}.Debug|Any CPU.Build.0 = Debug|Any CPU
		{F6C4FB72-7FDC-4067-A51A-5DD7A3CF8E96}.Release|Any CPU.ActiveCfg = Release|Any CPU
		{F6C4FB72-7FDC-4067-A51A-5DD7A3CF8E96}.Release|Any CPU.Build.0 = Release|Any CPU
		{46F91403-2D5E-40C5-85FA-FEAFC133DEA2}.Debug|Any CPU.ActiveCfg = Debug|Any CPU
		{46F91403-2D5E-40C5-85FA-FEAFC133DEA2}.Debug|Any CPU.Build.0 = Debug|Any CPU
		{46F91403-2D5E-40C5-85FA-FEAFC133DEA2}.Release|Any CPU.ActiveCfg = Release|Any CPU
		{46F91403-2D5E-40C5-85FA-FEAFC133DEA2}.Release|Any CPU.Build.0 = Release|Any CPU
		{B7435FD3-06C4-487D-B693-443B4A7DF3BC}.Debug|Any CPU.ActiveCfg = Debug|Any CPU
		{B7435FD3-06C4-487D-B693-443B4A7DF3BC}.Debug|Any CPU.Build.0 = Debug|Any CPU
		{B7435FD3-06C4-487D-B693-443B4A7DF3BC}.Release|Any CPU.ActiveCfg = Release|Any CPU
		{B7435FD3-06C4-487D-B693-443B4A7DF3BC}.Release|Any CPU.Build.0 = Release|Any CPU
	EndGlobalSection
	GlobalSection(SolutionProperties) = preSolution
		HideSolutionNode = FALSE
	EndGlobalSection
	GlobalSection(ExtensibilityGlobals) = postSolution
		SolutionGuid = {373227A1-F4FF-424E-B7AF-6B6EFD39EF7B}
	EndGlobalSection
	GlobalSection(MonoDevelopProperties) = preSolution
		Policies = $0
		$0.StandardHeader = $1
		$1.Text = @--------------------------------------------------------------------------------\n<copyright file="${FileName}" company="Nikolaos Georgiou">\n  Copyright (C) Nikolaos Georgiou 2010-${Year}\n</copyright>\n<author>Nikolaos Georgiou</author>\n* Date: ${Date:yyyy/MM/dd}\n* Time: ${Time:HH:mm:ss}\n--------------------------------------------------------------------------------
		$1.IncludeInNewFiles = True
		$0.TextStylePolicy = $20
		$2.inheritsSet = null
		$2.scope = text/x-csharp
		$0.CSharpFormattingPolicy = $3
		$3.IndentSwitchBody = True
		$3.IndentBlocksInsideExpressions = True
		$3.AnonymousMethodBraceStyle = NextLine
		$3.PropertyBraceStyle = NextLine
		$3.PropertyGetBraceStyle = NextLine
		$3.PropertySetBraceStyle = NextLine
		$3.EventBraceStyle = NextLine
		$3.EventAddBraceStyle = NextLine
		$3.EventRemoveBraceStyle = NextLine
		$3.StatementBraceStyle = NextLine
		$3.ElseNewLinePlacement = NewLine
		$3.CatchNewLinePlacement = NewLine
		$3.FinallyNewLinePlacement = NewLine
		$3.WhileNewLinePlacement = DoNotCare
		$3.ArrayInitializerWrapping = DoNotChange
		$3.ArrayInitializerBraceStyle = NextLine
		$3.BeforeMethodDeclarationParentheses = False
		$3.BeforeMethodCallParentheses = False
		$3.BeforeConstructorDeclarationParentheses = False
		$3.NewLineBeforeConstructorInitializerColon = NewLine
		$3.NewLineAfterConstructorInitializerColon = SameLine
		$3.BeforeDelegateDeclarationParentheses = False
		$3.NewParentheses = False
		$3.SpacesBeforeBrackets = False
		$3.inheritsSet = Mono
		$3.inheritsScope = text/x-csharp
		$3.scope = text/x-csharp
		$4.FileWidth = 120
		$4.TabWidth = 2
		$4.IndentWidth = 2
		$4.inheritsSet = VisualStudio
		$4.inheritsScope = text/plain
		$4.scope = application/xml
		$0.XmlFormattingPolicy = $18
		$5.inheritsSet = Mono
		$5.inheritsScope = application/xml
		$5.scope = application/xml
		$6.inheritsSet = VisualStudio
		$6.inheritsScope = text/plain
		$6.scope = text/plain
		$7.inheritsSet = null
		$7.scope = application/config+xml
		$8.inheritsSet = null
		$8.scope = application/config+xml
		$9.inheritsSet = null
		$9.scope = application/x-aspx
		$10.inheritsSet = null
		$10.scope = text/css
		$11.inheritsSet = null
		$11.scope = application/x-asax
		$12.inheritsSet = null
		$12.scope = application/javascript
		$13.inheritsSet = null
		$13.scope = application/x-ashx
		$14.inheritsSet = null
		$14.scope = application/x-ascx
		$15.inheritsSet = null
		$15.scope = application/x-master-page
		$16.inheritsSet = null
		$16.scope = application/x-asmx
		$17.inheritsSet = null
		$17.scope = text/microsoft-resx
		$18.inheritsSet = null
		$18.scope = text/microsoft-resx
		$19.inheritsSet = null
		$19.scope = text/html
		$20.inheritsSet = null
		$20.scope = application/sql
	EndGlobalSection
EndGlobal
